
Microsoft Visual Studio Solution File, Format Version 12.00
# Visual Studio Version 17
VisualStudioVersion = 17.4.33122.133
MinimumVisualStudioVersion = 10.0.40219.1
Project("{FAE04EC0-301F-11D3-BF4B-00C04F79EFBC}") = "CertificateManagement", "CertificateManagement.csproj", "{8F13CE09-2B37-42CC-BCEF-37B24FB00915}"
EndProject
Global
	GlobalSection(SolutionConfigurationPlatforms) = preSolution
		Debug|Any CPU = Debug|Any CPU
		Release|Any CPU = Release|Any CPU
	EndGlobalSection
	GlobalSection(ProjectConfigurationPlatforms) = postSolution
		{8F13CE09-2B37-42CC-BCEF-37B24FB00915}.Debug|Any CPU.ActiveCfg = Debug|Any CPU
		{8F13CE09-2B37-42CC-BCEF-37B24FB00915}.Debug|Any CPU.Build.0 = Debug|Any CPU
		{8F13CE09-2B37-42CC-BCEF-37B24FB00915}.Release|Any CPU.ActiveCfg = Release|Any CPU
		{8F13CE09-2B37-42CC-BCEF-37B24FB00915}.Release|Any CPU.Build.0 = Release|Any CPU
	EndGlobalSection
	GlobalSection(SolutionProperties) = preSolution
		HideSolutionNode = FALSE
	EndGlobalSection
	GlobalSection(ExtensibilityGlobals) = postSolution
		SolutionGuid = {94F46146-36F9-49F9-8E16-7903174B34CA}
	EndGlobalSection
EndGlobal
